
Microsoft Visual Studio Solution File, Format Version 12.00
# Visual Studio 15
VisualStudioVersion = 15.0.25914.0
MinimumVisualStudioVersion = 10.0.40219.1
Project("{FAE04EC0-301F-11D3-BF4B-00C04F79EFBC}") = "EF3Tier", "EF3Tier\EF3Tier.csproj", "{80E00B99-7A22-4798-BF99-E540F20A6B62}"
EndProject
Project("{FAE04EC0-301F-11D3-BF4B-00C04F79EFBC}") = "Model", "Model\Model.csproj", "{D25A36A6-EC46-4BA1-8D5D-CADC9559F923}"
EndProject
Project("{FAE04EC0-301F-11D3-BF4B-00C04F79EFBC}") = "DataLayer", "DataLayer\DataLayer.csproj", "{16B16C5E-C6FA-4665-BDFB-E6A9E44E4E07}"
EndProject
Project("{FAE04EC0-301F-11D3-BF4B-00C04F79EFBC}") = "BusinessLayer", "BusinessLayer\BusinessLayer.csproj", "{05342AF0-C3DF-48CD-A091-AAE22FB32E4E}"
EndProject
Global
	GlobalSection(SolutionConfigurationPlatforms) = preSolution
		Debug|Any CPU = Debug|Any CPU
		Release|Any CPU = Release|Any CPU
	EndGlobalSection
	GlobalSection(ProjectConfigurationPlatforms) = postSolution
		{80E00B99-7A22-4798-BF99-E540F20A6B62}.Debug|Any CPU.ActiveCfg = Debug|Any CPU
		{80E00B99-7A22-4798-BF99-E540F20A6B62}.Debug|Any CPU.Build.0 = Debug|Any CPU
		{80E00B99-7A22-4798-BF99-E540F20A6B62}.Release|Any CPU.ActiveCfg = Release|Any CPU
		{80E00B99-7A22-4798-BF99-E540F20A6B62}.Release|Any CPU.Build.0 = Release|Any CPU
		{D25A36A6-EC46-4BA1-8D5D-CADC9559F923}.Debug|Any CPU.ActiveCfg = Debug|Any CPU
		{D25A36A6-EC46-4BA1-8D5D-CADC9559F923}.Debug|Any CPU.Build.0 = Debug|Any CPU
		{D25A36A6-EC46-4BA1-8D5D-CADC9559F923}.Release|Any CPU.ActiveCfg = Release|Any CPU
		{D25A36A6-EC46-4BA1-8D5D-CADC9559F923}.Release|Any CPU.Build.0 = Release|Any CPU
		{16B16C5E-C6FA-4665-BDFB-E6A9E44E4E07}.Debug|Any CPU.ActiveCfg = Debug|Any CPU
		{16B16C5E-C6FA-4665-BDFB-E6A9E44E4E07}.Debug|Any CPU.Build.0 = Debug|Any CPU
		{16B16C5E-C6FA-4665-BDFB-E6A9E44E4E07}.Release|Any CPU.ActiveCfg = Release|Any CPU
		{16B16C5E-C6FA-4665-BDFB-E6A9E44E4E07}.Release|Any CPU.Build.0 = Release|Any CPU
		{05342AF0-C3DF-48CD-A091-AAE22FB32E4E}.Debug|Any CPU.ActiveCfg = Debug|Any CPU
		{05342AF0-C3DF-48CD-A091-AAE22FB32E4E}.Debug|Any CPU.Build.0 = Debug|Any CPU
		{05342AF0-C3DF-48CD-A091-AAE22FB32E4E}.Release|Any CPU.ActiveCfg = Release|Any CPU
		{05342AF0-C3DF-48CD-A091-AAE22FB32E4E}.Release|Any CPU.Build.0 = Release|Any CPU
	EndGlobalSection
	GlobalSection(SolutionProperties) = preSolution
		HideSolutionNode = FALSE
	EndGlobalSection
EndGlobal
